# This file is automatically @generated by Cargo.
# It is not intended for manual editing.
version = 4

[[package]]
name = "transfer-rs"
version = "0.1.0"
dependencies = [
 "udp-core",
 "udp-protocol",
]

[[package]]
name = "udp-core"
version = "0.1.0"

[[package]]
name = "udp-protocol"
version = "0.1.0"
